lockfileVersion: '9.0'

settings:
  autoInstallPeers: true
  excludeLinksFromLockfile: false

importers:

  .:
    dependencies:
      m3u8-parser:
        specifier: ^7.2.0
        version: 7.2.0

packages:

  '@babel/runtime@7.26.0':
    resolution: {integrity: sha512-FDSOghenHTiToteC/QRlv2q3DhPZ/oOXTBoirfWNx1Cx3TMVcGWQtMMmQcSvb/JjpNeGzx8Pq/b4fKEJuWm1sw==}
    engines: {node: '>=6.9.0'}

  '@videojs/vhs-utils@4.1.1':
    resolution: {integrity: sha512-5iLX6sR2ownbv4Mtejw6Ax+naosGvoT9kY+gcuHzANyUZZ+4NpeNdKMUhb6ag0acYej1Y7cmr/F2+4PrggMiVA==}
    engines: {node: '>=8', npm: '>=5'}

  dom-walk@0.1.2:
    resolution: {integrity: sha512-6QvTW9mrGeIegrFXdtQi9pk7O/nSK6lSdXW2eqUspN5LWD7UTji2Fqw5V2YLjBpHEoU9Xl/eUWNpDeZvoyOv2w==}

  global@4.4.0:
    resolution: {integrity: sha512-wv/LAoHdRE3BeTGz53FAamhGlPLhlssK45usmGFThIi4XqnBmjKQ16u+RNbP7WvigRZDxUsM0J3gcQ5yicaL0w==}

  m3u8-parser@7.2.0:
    resolution: {integrity: sha512-CRatFqpjVtMiMaKXxNvuI3I++vUumIXVVT/JpCpdU/FynV/ceVw1qpPyyBNindL+JlPMSesx+WX1QJaZEJSaMQ==}

  min-document@2.19.0:
    resolution: {integrity: sha512-9Wy1B3m3f66bPPmU5hdA4DR4PB2OfDU/+GS3yAB7IQozE3tqXaVv2zOjgla7MEGSRv95+ILmOuvhLkOK6wJtCQ==}

  process@0.11.10:
    resolution: {integrity: sha512-cdGef/drWFoydD1JsMzuFf8100nZl+GT+yacc2bEced5f9Rjk4z+WtFUTBu9PhOi9j/jfmBPu0mMEY4wIdAF8A==}
    engines: {node: '>= 0.6.0'}

  regenerator-runtime@0.14.1:
    resolution: {integrity: sha512-dYnhHh0nJoMfnkZs6GmmhFknAGRrLznOu5nc9ML+EJxGvrx6H7teuevqVqCuPcPK//3eDrrjQhehXVx9cnkGdw==}

snapshots:

  '@babel/runtime@7.26.0':
    dependencies:
      regenerator-runtime: 0.14.1

  '@videojs/vhs-utils@4.1.1':
    dependencies:
      '@babel/runtime': 7.26.0
      global: 4.4.0

  dom-walk@0.1.2: {}

  global@4.4.0:
    dependencies:
      min-document: 2.19.0
      process: 0.11.10

  m3u8-parser@7.2.0:
    dependencies:
      '@babel/runtime': 7.26.0
      '@videojs/vhs-utils': 4.1.1
      global: 4.4.0

  min-document@2.19.0:
    dependencies:
      dom-walk: 0.1.2

  process@0.11.10: {}

  regenerator-runtime@0.14.1: {}
